{
  "name": "@chrisoakman/chessboardjs",
  "version": "1.0.0",
  "lockfileVersion": 1,
  "requires": true,
  "dependencies": {
    "chessboardjs": {
      "version": "0.0.1",
      "resolved": "https://registry.npmjs.org/chessboardjs/-/chessboardjs-0.0.1.tgz",
      "integrity": "sha1-EG4RLbpswNzc91RyopISwwT/Vk4="
    }
  }
}
